
Microsoft Visual Studio Solution File, Format Version 12.00
# Visual Studio Version 16
VisualStudioVersion = 16.0.30413.136
MinimumVisualStudioVersion = 10.0.40219.1
Project("{2150E333-8FDC-42A3-9474-1A3956D46DE8}") = "api", "api", "{B121E8BB-72FD-4752-9D30-0F739304EC1C}"
EndProject
Project("{2150E333-8FDC-42A3-9474-1A3956D46DE8}") = "app", "app", "{D5EEE36A-A9EB-472D-8435-191E30710A5B}"
EndProject
Project("{FAE04EC0-301F-11D3-BF4B-00C04F79EFBC}") = "Ubus.App", "api\src\Ubus.App\Ubus.App.csproj", "{3A7DF443-24B0-4FB0-8E38-E765FF28DFBD}"
EndProject
Project("{FAE04EC0-301F-11D3-BF4B-00C04F79EFBC}") = "Ubus.Business", "api\src\Ubus.Business\Ubus.Business.csproj", "{C074B1C4-D064-4BAF-8FD2-CF3D94BCD5E8}"
EndProject
Project("{FAE04EC0-301F-11D3-BF4B-00C04F79EFBC}") = "Ubus.Data", "api\src\Ubus.Data\Ubus.Data.csproj", "{7C47BA38-9CF2-40FA-97C2-2EBF75F7CD6A}"
EndProject
Global
	GlobalSection(SolutionConfigurationPlatforms) = preSolution
		Debug|Any CPU = Debug|Any CPU
		Release|Any CPU = Release|Any CPU
	EndGlobalSection
	GlobalSection(ProjectConfigurationPlatforms) = postSolution
		{3A7DF443-24B0-4FB0-8E38-E765FF28DFBD}.Debug|Any CPU.ActiveCfg = Debug|Any CPU
		{3A7DF443-24B0-4FB0-8E38-E765FF28DFBD}.Debug|Any CPU.Build.0 = Debug|Any CPU
		{3A7DF443-24B0-4FB0-8E38-E765FF28DFBD}.Release|Any CPU.ActiveCfg = Release|Any CPU
		{3A7DF443-24B0-4FB0-8E38-E765FF28DFBD}.Release|Any CPU.Build.0 = Release|Any CPU
		{C074B1C4-D064-4BAF-8FD2-CF3D94BCD5E8}.Debug|Any CPU.ActiveCfg = Debug|Any CPU
		{C074B1C4-D064-4BAF-8FD2-CF3D94BCD5E8}.Debug|Any CPU.Build.0 = Debug|Any CPU
		{C074B1C4-D064-4BAF-8FD2-CF3D94BCD5E8}.Release|Any CPU.ActiveCfg = Release|Any CPU
		{C074B1C4-D064-4BAF-8FD2-CF3D94BCD5E8}.Release|Any CPU.Build.0 = Release|Any CPU
		{7C47BA38-9CF2-40FA-97C2-2EBF75F7CD6A}.Debug|Any CPU.ActiveCfg = Debug|Any CPU
		{7C47BA38-9CF2-40FA-97C2-2EBF75F7CD6A}.Debug|Any CPU.Build.0 = Debug|Any CPU
		{7C47BA38-9CF2-40FA-97C2-2EBF75F7CD6A}.Release|Any CPU.ActiveCfg = Release|Any CPU
		{7C47BA38-9CF2-40FA-97C2-2EBF75F7CD6A}.Release|Any CPU.Build.0 = Release|Any CPU
	EndGlobalSection
	GlobalSection(SolutionProperties) = preSolution
		HideSolutionNode = FALSE
	EndGlobalSection
	GlobalSection(NestedProjects) = preSolution
		{3A7DF443-24B0-4FB0-8E38-E765FF28DFBD} = {B121E8BB-72FD-4752-9D30-0F739304EC1C}
		{C074B1C4-D064-4BAF-8FD2-CF3D94BCD5E8} = {B121E8BB-72FD-4752-9D30-0F739304EC1C}
		{7C47BA38-9CF2-40FA-97C2-2EBF75F7CD6A} = {B121E8BB-72FD-4752-9D30-0F739304EC1C}
	EndGlobalSection
	GlobalSection(ExtensibilityGlobals) = postSolution
		SolutionGuid = {00C36F02-A956-404E-8AAE-8E7BBA1F6815}
	EndGlobalSection
EndGlobal
